
Microsoft Visual Studio Solution File, Format Version 12.00
# Visual Studio Version 17
VisualStudioVersion = 17.9.34728.123
MinimumVisualStudioVersion = 10.0.40219.1
Project("{FAE04EC0-301F-11D3-BF4B-00C04F79EFBC}") = "FinelProject", "FinelProject\FinelProject.csproj", "{865E9C34-E19A-41FA-BD79-78CD97144C8D}"
EndProject
Global
	GlobalSection(SolutionConfigurationPlatforms) = preSolution
		Debug|Any CPU = Debug|Any CPU
		Release|Any CPU = Release|Any CPU
	EndGlobalSection
	GlobalSection(ProjectConfigurationPlatforms) = postSolution
		{865E9C34-E19A-41FA-BD79-78CD97144C8D}.Debug|Any CPU.ActiveCfg = Debug|Any CPU
		{865E9C34-E19A-41FA-BD79-78CD97144C8D}.Debug|Any CPU.Build.0 = Debug|Any CPU
		{865E9C34-E19A-41FA-BD79-78CD97144C8D}.Release|Any CPU.ActiveCfg = Release|Any CPU
		{865E9C34-E19A-41FA-BD79-78CD97144C8D}.Release|Any CPU.Build.0 = Release|Any CPU
	EndGlobalSection
	GlobalSection(SolutionProperties) = preSolution
		HideSolutionNode = FALSE
	EndGlobalSection
	GlobalSection(ExtensibilityGlobals) = postSolution
		SolutionGuid = {849A8C34-ED9A-47D4-9D5D-E624A8B65D49}
	EndGlobalSection
EndGlobal
